<?xml version="1.0" encoding="utf-8"?>
<Project ToolsVersion="4.0" xmlns="http://schemas.microsoft.com/developer/msbuild/2003">
  <ItemGroup>
    <ClCompile Include="main.cpp" />
    <ClCompile Include="AbsorptiveRegions.cpp" />
    <ClCompile Include="MathTools.cpp" />
    <ClCompile Include="HHGFunctions.cpp" />
    <ClCompile Include="Measurers.cpp" />
    <ClCompile Include="Potentials.cpp" />
    <ClCompile Include="LinuxFuncs.cpp" />
    <ClCompile Include="TDSEIterator1D.cpp" />
    <ClCompile Include="ProgressTracker.cpp" />
    <ClCompile Include="ConfigParser.cpp" />
    <ClCompile Include="ParallelSimParser.cpp" />
    <ClCompile Include="ThreadParser.cpp" />
    <ClCompile Include="MultiSimulationManager.cpp" />
    <ClCompile Include="WfcRhoTools.cpp" />
    <ClCompile Include="KineticOperator.cpp" />
  </ItemGroup>
  <ItemGroup>
    <ClInclude Include="stdafx.h" />
    <ClInclude Include="AbsorptiveRegions.h" />
    <ClInclude Include="HHGFunctions.h" />
    <ClInclude Include="MathTools.h" />
    <ClInclude Include="Measurers.h" />
    <ClInclude Include="PhysCon.h" />
    <ClInclude Include="Potentials.h" />
    <ClInclude Include="TDSEIterator1D.h" />
    <ClInclude Include="LinuxFuncs.h" />
    <ClInclude Include="ProgressTracker.h" />
    <ClInclude Include="ConfigParser.h" />
    <ClInclude Include="ParallelSimParser.h" />
    <ClInclude Include="ThreadParser.h" />
    <ClInclude Include="MultiSimulationManager.h" />
    <ClInclude Include="SimulationManager.h" />
    <ClInclude Include="ThreadPool.h" />
    <ClInclude Include="WfcRhoTools.h" />
    <ClInclude Include="KineticOperator.h" />
  </ItemGroup>
  <ItemGroup>
    <None Include="ClassDiagram.cd" />
  </ItemGroup>
</Project>